
Microsoft Visual Studio Solution File, Format Version 12.00
# Visual Studio 15
VisualStudioVersion = 15.0.26730.15
MinimumVisualStudioVersion = 10.0.40219.1
Project("{FAE04EC0-301F-11D3-BF4B-00C04F79EFBC}") = "AdventOfCode.2016", "AdventOfCode.2016\AdventOfCode.2016.csproj", "{C365901C-B792-4885-89AE-5D976BE80ADA}"
EndProject
Project("{2150E333-8FDC-42A3-9474-1A3956D46DE8}") = "Tests", "Tests", "{80AF5478-F2AC-46DC-B08E-9A90E8B9167B}"
EndProject
Project("{FAE04EC0-301F-11D3-BF4B-00C04F79EFBC}") = "AdventOfCode.2016.Tests", "AdventOfCode.2016.Tests\AdventOfCode.2016.Tests.csproj", "{68439EAC-9F3F-4F8C-BD3D-B885B0F0E95A}"
EndProject
Project("{FAE04EC0-301F-11D3-BF4B-00C04F79EFBC}") = "AdventOfCode.2017", "AdventOfCode.2017\AdventOfCode.2017.csproj", "{613C1CEA-E59F-446A-BB5C-2EB96B42DDA4}"
EndProject
Project("{FAE04EC0-301F-11D3-BF4B-00C04F79EFBC}") = "AdventOfCode.2017.Tests", "AdventOfCode.2017.Tests\AdventOfCode.2017.Tests.csproj", "{5A30D6D5-D4D6-4704-A824-D0BF8C3CFF93}"
EndProject
Project("{FAE04EC0-301F-11D3-BF4B-00C04F79EFBC}") = "AdventOfCode.ConsoleApp", "AdventOfCode.ConsoleApp\AdventOfCode.ConsoleApp.csproj", "{0526C03C-DA8E-48FC-8332-EC4442C295A8}"
EndProject
Global
	GlobalSection(SolutionConfigurationPlatforms) = preSolution
		Debug|Any CPU = Debug|Any CPU
		Release|Any CPU = Release|Any CPU
	EndGlobalSection
	GlobalSection(ProjectConfigurationPlatforms) = postSolution
		{C365901C-B792-4885-89AE-5D976BE80ADA}.Debug|Any CPU.ActiveCfg = Debug|Any CPU
		{C365901C-B792-4885-89AE-5D976BE80ADA}.Debug|Any CPU.Build.0 = Debug|Any CPU
		{C365901C-B792-4885-89AE-5D976BE80ADA}.Release|Any CPU.ActiveCfg = Release|Any CPU
		{C365901C-B792-4885-89AE-5D976BE80ADA}.Release|Any CPU.Build.0 = Release|Any CPU
		{68439EAC-9F3F-4F8C-BD3D-B885B0F0E95A}.Debug|Any CPU.ActiveCfg = Debug|Any CPU
		{68439EAC-9F3F-4F8C-BD3D-B885B0F0E95A}.Debug|Any CPU.Build.0 = Debug|Any CPU
		{68439EAC-9F3F-4F8C-BD3D-B885B0F0E95A}.Release|Any CPU.ActiveCfg = Release|Any CPU
		{68439EAC-9F3F-4F8C-BD3D-B885B0F0E95A}.Release|Any CPU.Build.0 = Release|Any CPU
		{613C1CEA-E59F-446A-BB5C-2EB96B42DDA4}.Debug|Any CPU.ActiveCfg = Debug|Any CPU
		{613C1CEA-E59F-446A-BB5C-2EB96B42DDA4}.Debug|Any CPU.Build.0 = Debug|Any CPU
		{613C1CEA-E59F-446A-BB5C-2EB96B42DDA4}.Release|Any CPU.ActiveCfg = Release|Any CPU
		{613C1CEA-E59F-446A-BB5C-2EB96B42DDA4}.Release|Any CPU.Build.0 = Release|Any CPU
		{5A30D6D5-D4D6-4704-A824-D0BF8C3CFF93}.Debug|Any CPU.ActiveCfg = Debug|Any CPU
		{5A30D6D5-D4D6-4704-A824-D0BF8C3CFF93}.Debug|Any CPU.Build.0 = Debug|Any CPU
		{5A30D6D5-D4D6-4704-A824-D0BF8C3CFF93}.Release|Any CPU.ActiveCfg = Release|Any CPU
		{5A30D6D5-D4D6-4704-A824-D0BF8C3CFF93}.Release|Any CPU.Build.0 = Release|Any CPU
		{0526C03C-DA8E-48FC-8332-EC4442C295A8}.Debug|Any CPU.ActiveCfg = Debug|Any CPU
		{0526C03C-DA8E-48FC-8332-EC4442C295A8}.Debug|Any CPU.Build.0 = Debug|Any CPU
		{0526C03C-DA8E-48FC-8332-EC4442C295A8}.Release|Any CPU.ActiveCfg = Release|Any CPU
		{0526C03C-DA8E-48FC-8332-EC4442C295A8}.Release|Any CPU.Build.0 = Release|Any CPU
	EndGlobalSection
	GlobalSection(SolutionProperties) = preSolution
		HideSolutionNode = FALSE
	EndGlobalSection
	GlobalSection(NestedProjects) = preSolution
		{68439EAC-9F3F-4F8C-BD3D-B885B0F0E95A} = {80AF5478-F2AC-46DC-B08E-9A90E8B9167B}
		{5A30D6D5-D4D6-4704-A824-D0BF8C3CFF93} = {80AF5478-F2AC-46DC-B08E-9A90E8B9167B}
	EndGlobalSection
	GlobalSection(ExtensibilityGlobals) = postSolution
		SolutionGuid = {024CCB53-519D-4CC1-A27F-8951EAB0A366}
	EndGlobalSection
EndGlobal
